
Microsoft Visual Studio Solution File, Format Version 12.00
# Visual Studio Version 16
VisualStudioVersion = 16.0.31112.23
MinimumVisualStudioVersion = 10.0.40219.1
Project("{D954291E-2A0B-460D-934E-DC6B0785DB48}") = "MyGradeBookUno.Shared", "MyGradeBookUno.Shared\MyGradeBookUno.Shared.shproj", "{6279C845-92F8-4333-AB99-3D213163593C}"
EndProject
Project("{2150E333-8FDC-42A3-9474-1A3956D46DE8}") = "Platforms", "Platforms", "{3B6F1634-848E-4576-BA69-4E54BA042E94}"
EndProject
Project("{FAE04EC0-301F-11D3-BF4B-00C04F79EFBC}") = "MyGradeBookUno.Droid", "MyGradeBookUno.Droid\MyGradeBookUno.Droid.csproj", "{737815C8-637B-47C0-9AA4-3D7B0F9A7FB0}"
EndProject
Project("{FAE04EC0-301F-11D3-BF4B-00C04F79EFBC}") = "MyGradeBookUno.iOS", "MyGradeBookUno.iOS\MyGradeBookUno.iOS.csproj", "{F334AB5E-C640-48DD-9E99-F90DAE319A4E}"
EndProject
Project("{FAE04EC0-301F-11D3-BF4B-00C04F79EFBC}") = "MyGradeBookUno.UWP", "MyGradeBookUno.UWP\MyGradeBookUno.UWP.csproj", "{CF8D5E42-D44E-49EE-A78F-3EE9C304C052}"
EndProject
Project("{FAE04EC0-301F-11D3-BF4B-00C04F79EFBC}") = "MyGradeBookUno.Wasm", "MyGradeBookUno.Wasm\MyGradeBookUno.Wasm.csproj", "{B1D315D8-01D3-4766-945A-127E3127B0B5}"
EndProject
Project("{FAE04EC0-301F-11D3-BF4B-00C04F79EFBC}") = "MyGradeBookUno.macOS", "MyGradeBookUno.macOS\MyGradeBookUno.macOS.csproj", "{F6C5560D-8F70-4A83-9E4C-D7314015AE9E}"
EndProject
Project("{FAE04EC0-301F-11D3-BF4B-00C04F79EFBC}") = "MyGradeBookUno.Skia.Wpf.Host", "MyGradeBookUno.Skia.Wpf.Host\MyGradeBookUno.Skia.Wpf.Host.csproj", "{DC517798-6633-46D3-8452-7E87DC131B24}"
EndProject
Project("{FAE04EC0-301F-11D3-BF4B-00C04F79EFBC}") = "MyGradeBookUno.Skia.Wpf", "MyGradeBookUno.Skia.Wpf\MyGradeBookUno.Skia.Wpf.csproj", "{048AA5BF-B66F-4DD9-9EFB-13F563A68B00}"
EndProject
Project("{FAE04EC0-301F-11D3-BF4B-00C04F79EFBC}") = "MyGradeBookUno.Skia.Gtk", "MyGradeBookUno.Skia.Gtk\MyGradeBookUno.Skia.Gtk.csproj", "{E47D3BD2-5B09-41A6-9236-191C3410BE32}"
EndProject
Project("{FAE04EC0-301F-11D3-BF4B-00C04F79EFBC}") = "MyGradeBookUno.Skia.Tizen", "MyGradeBookUno.Skia.Tizen\MyGradeBookUno.Skia.Tizen.csproj", "{B4B75421-D28E-4684-A98C-55EA02A05F79}"
EndProject
Global
	GlobalSection(SharedMSBuildProjectFiles) = preSolution
		MyGradeBookUno.Shared\MyGradeBookUno.Shared.projitems*{048aa5bf-b66f-4dd9-9efb-13f563a68b00}*SharedItemsImports = 5
		MyGradeBookUno.Shared\MyGradeBookUno.Shared.projitems*{6279c845-92f8-4333-ab99-3d213163593c}*SharedItemsImports = 13
		MyGradeBookUno.Shared\MyGradeBookUno.Shared.projitems*{737815c8-637b-47c0-9aa4-3d7b0f9a7fb0}*SharedItemsImports = 4
		MyGradeBookUno.Shared\MyGradeBookUno.Shared.projitems*{b1d315d8-01d3-4766-945a-127e3127b0b5}*SharedItemsImports = 5
		MyGradeBookUno.Shared\MyGradeBookUno.Shared.projitems*{b4b75421-d28e-4684-a98c-55ea02a05f79}*SharedItemsImports = 5
		MyGradeBookUno.Shared\MyGradeBookUno.Shared.projitems*{cf8d5e42-d44e-49ee-a78f-3ee9c304c052}*SharedItemsImports = 4
		MyGradeBookUno.Shared\MyGradeBookUno.Shared.projitems*{e47d3bd2-5b09-41a6-9236-191c3410be32}*SharedItemsImports = 5
		MyGradeBookUno.Shared\MyGradeBookUno.Shared.projitems*{f334ab5e-c640-48dd-9e99-f90dae319a4e}*SharedItemsImports = 4
		MyGradeBookUno.Shared\MyGradeBookUno.Shared.projitems*{f6c5560d-8f70-4a83-9e4c-d7314015ae9e}*SharedItemsImports = 4
	EndGlobalSection
	GlobalSection(SolutionConfigurationPlatforms) = preSolution
		Ad-Hoc|Any CPU = Ad-Hoc|Any CPU
		Ad-Hoc|ARM = Ad-Hoc|ARM
		Ad-Hoc|ARM64 = Ad-Hoc|ARM64
		Ad-Hoc|iPhone = Ad-Hoc|iPhone
		Ad-Hoc|iPhoneSimulator = Ad-Hoc|iPhoneSimulator
		Ad-Hoc|x64 = Ad-Hoc|x64
		Ad-Hoc|x86 = Ad-Hoc|x86
		AppStore|Any CPU = AppStore|Any CPU
		AppStore|ARM = AppStore|ARM
		AppStore|ARM64 = AppStore|ARM64
		AppStore|iPhone = AppStore|iPhone
		AppStore|iPhoneSimulator = AppStore|iPhoneSimulator
		AppStore|x64 = AppStore|x64
		AppStore|x86 = AppStore|x86
		Debug|Any CPU = Debug|Any CPU
		Debug|ARM = Debug|ARM
		Debug|ARM64 = Debug|ARM64
		Debug|iPhone = Debug|iPhone
		Debug|iPhoneSimulator = Debug|iPhoneSimulator
		Debug|x64 = Debug|x64
		Debug|x86 = Debug|x86
		Release|Any CPU = Release|Any CPU
		Release|ARM = Release|ARM
		Release|ARM64 = Release|ARM64
		Release|iPhone = Release|iPhone
		Release|iPhoneSimulator = Release|iPhoneSimulator
		Release|x64 = Release|x64
		Release|x86 = Release|x86
	EndGlobalSection
	GlobalSection(ProjectConfigurationPlatforms) = postSolution
		{737815C8-637B-47C0-9AA4-3D7B0F9A7FB0}.Ad-Hoc|Any CPU.ActiveCfg = Debug|Any CPU
		{737815C8-637B-47C0-9AA4-3D7B0F9A7FB0}.Ad-Hoc|Any CPU.Build.0 = Debug|Any CPU
		{737815C8-637B-47C0-9AA4-3D7B0F9A7FB0}.Ad-Hoc|Any CPU.Deploy.0 = Debug|Any CPU
		{737815C8-637B-47C0-9AA4-3D7B0F9A7FB0}.Ad-Hoc|ARM.ActiveCfg = Debug|Any CPU
		{737815C8-637B-47C0-9AA4-3D7B0F9A7FB0}.Ad-Hoc|ARM.Build.0 = Debug|Any CPU
		{737815C8-637B-47C0-9AA4-3D7B0F9A7FB0}.Ad-Hoc|ARM.Deploy.0 = Debug|Any CPU
		{737815C8-637B-47C0-9AA4-3D7B0F9A7FB0}.Ad-Hoc|ARM64.ActiveCfg = Debug|Any CPU
		{737815C8-637B-47C0-9AA4-3D7B0F9A7FB0}.Ad-Hoc|ARM64.Build.0 = Debug|Any CPU
		{737815C8-637B-47C0-9AA4-3D7B0F9A7FB0}.Ad-Hoc|ARM64.Deploy.0 = Debug|Any CPU
		{737815C8-637B-47C0-9AA4-3D7B0F9A7FB0}.Ad-Hoc|iPhone.ActiveCfg = Debug|Any CPU
		{737815C8-637B-47C0-9AA4-3D7B0F9A7FB0}.Ad-Hoc|iPhone.Build.0 = Debug|Any CPU
		{737815C8-637B-47C0-9AA4-3D7B0F9A7FB0}.Ad-Hoc|iPhone.Deploy.0 = Debug|Any CPU
		{737815C8-637B-47C0-9AA4-3D7B0F9A7FB0}.Ad-Hoc|iPhoneSimulator.ActiveCfg = Debug|Any CPU
		{737815C8-637B-47C0-9AA4-3D7B0F9A7FB0}.Ad-Hoc|iPhoneSimulator.Build.0 = Debug|Any CPU
		{737815C8-637B-47C0-9AA4-3D7B0F9A7FB0}.Ad-Hoc|iPhoneSimulator.Deploy.0 = Debug|Any CPU
		{737815C8-637B-47C0-9AA4-3D7B0F9A7FB0}.Ad-Hoc|x64.ActiveCfg = Debug|Any CPU
		{737815C8-637B-47C0-9AA4-3D7B0F9A7FB0}.Ad-Hoc|x64.Build.0 = Debug|Any CPU
		{737815C8-637B-47C0-9AA4-3D7B0F9A7FB0}.Ad-Hoc|x64.Deploy.0 = Debug|Any CPU
		{737815C8-637B-47C0-9AA4-3D7B0F9A7FB0}.Ad-Hoc|x86.ActiveCfg = Debug|Any CPU
		{737815C8-637B-47C0-9AA4-3D7B0F9A7FB0}.Ad-Hoc|x86.Build.0 = Debug|Any CPU
		{737815C8-637B-47C0-9AA4-3D7B0F9A7FB0}.Ad-Hoc|x86.Deploy.0 = Debug|Any CPU
		{737815C8-637B-47C0-9AA4-3D7B0F9A7FB0}.AppStore|Any CPU.ActiveCfg = Debug|Any CPU
		{737815C8-637B-47C0-9AA4-3D7B0F9A7FB0}.AppStore|Any CPU.Build.0 = Debug|Any CPU
		{737815C8-637B-47C0-9AA4-3D7B0F9A7FB0}.AppStore|Any CPU.Deploy.0 = Debug|Any CPU
		{737815C8-637B-47C0-9AA4-3D7B0F9A7FB0}.AppStore|ARM.ActiveCfg = Debug|Any CPU
		{737815C8-637B-47C0-9AA4-3D7B0F9A7FB0}.AppStore|ARM.Build.0 = Debug|Any CPU
		{737815C8-637B-47C0-9AA4-3D7B0F9A7FB0}.AppStore|ARM.Deploy.0 = Debug|Any CPU
		{737815C8-637B-47C0-9AA4-3D7B0F9A7FB0}.AppStore|ARM64.ActiveCfg = Debug|Any CPU
		{737815C8-637B-47C0-9AA4-3D7B0F9A7FB0}.AppStore|ARM64.Build.0 = Debug|Any CPU
		{737815C8-637B-47C0-9AA4-3D7B0F9A7FB0}.AppStore|ARM64.Deploy.0 = Debug|Any CPU
		{737815C8-637B-47C0-9AA4-3D7B0F9A7FB0}.AppStore|iPhone.ActiveCfg = Debug|Any CPU
		{737815C8-637B-47C0-9AA4-3D7B0F9A7FB0}.AppStore|iPhone.Build.0 = Debug|Any CPU
		{737815C8-637B-47C0-9AA4-3D7B0F9A7FB0}.AppStore|iPhone.Deploy.0 = Debug|Any CPU
		{737815C8-637B-47C0-9AA4-3D7B0F9A7FB0}.AppStore|iPhoneSimulator.ActiveCfg = Debug|Any CPU
		{737815C8-637B-47C0-9AA4-3D7B0F9A7FB0}.AppStore|iPhoneSimulator.Build.0 = Debug|Any CPU
		{737815C8-637B-47C0-9AA4-3D7B0F9A7FB0}.AppStore|iPhoneSimulator.Deploy.0 = Debug|Any CPU
		{737815C8-637B-47C0-9AA4-3D7B0F9A7FB0}.AppStore|x64.ActiveCfg = Debug|Any CPU
		{737815C8-637B-47C0-9AA4-3D7B0F9A7FB0}.AppStore|x64.Build.0 = Debug|Any CPU
		{737815C8-637B-47C0-9AA4-3D7B0F9A7FB0}.AppStore|x64.Deploy.0 = Debug|Any CPU
		{737815C8-637B-47C0-9AA4-3D7B0F9A7FB0}.AppStore|x86.ActiveCfg = Debug|Any CPU
		{737815C8-637B-47C0-9AA4-3D7B0F9A7FB0}.AppStore|x86.Build.0 = Debug|Any CPU
		{737815C8-637B-47C0-9AA4-3D7B0F9A7FB0}.AppStore|x86.Deploy.0 = Debug|Any CPU
		{737815C8-637B-47C0-9AA4-3D7B0F9A7FB0}.Debug|Any CPU.ActiveCfg = Debug|Any CPU
		{737815C8-637B-47C0-9AA4-3D7B0F9A7FB0}.Debug|Any CPU.Build.0 = Debug|Any CPU
		{737815C8-637B-47C0-9AA4-3D7B0F9A7FB0}.Debug|Any CPU.Deploy.0 = Debug|Any CPU
		{737815C8-637B-47C0-9AA4-3D7B0F9A7FB0}.Debug|ARM.ActiveCfg = Debug|Any CPU
		{737815C8-637B-47C0-9AA4-3D7B0F9A7FB0}.Debug|ARM.Build.0 = Debug|Any CPU
		{737815C8-637B-47C0-9AA4-3D7B0F9A7FB0}.Debug|ARM.Deploy.0 = Debug|Any CPU
		{737815C8-637B-47C0-9AA4-3D7B0F9A7FB0}.Debug|ARM64.ActiveCfg = Debug|Any CPU
		{737815C8-637B-47C0-9AA4-3D7B0F9A7FB0}.Debug|ARM64.Build.0 = Debug|Any CPU
		{737815C8-637B-47C0-9AA4-3D7B0F9A7FB0}.Debug|ARM64.Deploy.0 = Debug|Any CPU
		{737815C8-637B-47C0-9AA4-3D7B0F9A7FB0}.Debug|iPhone.ActiveCfg = Debug|Any CPU
		{737815C8-637B-47C0-9AA4-3D7B0F9A7FB0}.Debug|iPhone.Build.0 = Debug|Any CPU
		{737815C8-637B-47C0-9AA4-3D7B0F9A7FB0}.Debug|iPhone.Deploy.0 = Debug|Any CPU
		{737815C8-637B-47C0-9AA4-3D7B0F9A7FB0}.Debug|iPhoneSimulator.ActiveCfg = Debug|Any CPU
		{737815C8-637B-47C0-9AA4-3D7B0F9A7FB0}.Debug|iPhoneSimulator.Build.0 = Debug|Any CPU
		{737815C8-637B-47C0-9AA4-3D7B0F9A7FB0}.Debug|iPhoneSimulator.Deploy.0 = Debug|Any CPU
		{737815C8-637B-47C0-9AA4-3D7B0F9A7FB0}.Debug|x64.ActiveCfg = Debug|Any CPU
		{737815C8-637B-47C0-9AA4-3D7B0F9A7FB0}.Debug|x64.Build.0 = Debug|Any CPU
		{737815C8-637B-47C0-9AA4-3D7B0F9A7FB0}.Debug|x64.Deploy.0 = Debug|Any CPU
		{737815C8-637B-47C0-9AA4-3D7B0F9A7FB0}.Debug|x86.ActiveCfg = Debug|Any CPU
		{737815C8-637B-47C0-9AA4-3D7B0F9A7FB0}.Debug|x86.Build.0 = Debug|Any CPU
		{737815C8-637B-47C0-9AA4-3D7B0F9A7FB0}.Debug|x86.Deploy.0 = Debug|Any CPU
		{737815C8-637B-47C0-9AA4-3D7B0F9A7FB0}.Release|Any CPU.ActiveCfg = Release|Any CPU
		{737815C8-637B-47C0-9AA4-3D7B0F9A7FB0}.Release|Any CPU.Build.0 = Release|Any CPU
		{737815C8-637B-47C0-9AA4-3D7B0F9A7FB0}.Release|Any CPU.Deploy.0 = Release|Any CPU
		{737815C8-637B-47C0-9AA4-3D7B0F9A7FB0}.Release|ARM.ActiveCfg = Release|Any CPU
		{737815C8-637B-47C0-9AA4-3D7B0F9A7FB0}.Release|ARM.Build.0 = Release|Any CPU
		{737815C8-637B-47C0-9AA4-3D7B0F9A7FB0}.Release|ARM.Deploy.0 = Release|Any CPU
		{737815C8-637B-47C0-9AA4-3D7B0F9A7FB0}.Release|ARM64.ActiveCfg = Release|Any CPU
		{737815C8-637B-47C0-9AA4-3D7B0F9A7FB0}.Release|ARM64.Build.0 = Release|Any CPU
		{737815C8-637B-47C0-9AA4-3D7B0F9A7FB0}.Release|ARM64.Deploy.0 = Release|Any CPU
		{737815C8-637B-47C0-9AA4-3D7B0F9A7FB0}.Release|iPhone.ActiveCfg = Release|Any CPU
		{737815C8-637B-47C0-9AA4-3D7B0F9A7FB0}.Release|iPhone.Build.0 = Release|Any CPU
		{737815C8-637B-47C0-9AA4-3D7B0F9A7FB0}.Release|iPhone.Deploy.0 = Release|Any CPU
		{737815C8-637B-47C0-9AA4-3D7B0F9A7FB0}.Release|iPhoneSimulator.ActiveCfg = Release|Any CPU
		{737815C8-637B-47C0-9AA4-3D7B0F9A7FB0}.Release|iPhoneSimulator.Build.0 = Release|Any CPU
		{737815C8-637B-47C0-9AA4-3D7B0F9A7FB0}.Release|iPhoneSimulator.Deploy.0 = Release|Any CPU
		{737815C8-637B-47C0-9AA4-3D7B0F9A7FB0}.Release|x64.ActiveCfg = Release|Any CPU
		{737815C8-637B-47C0-9AA4-3D7B0F9A7FB0}.Release|x64.Build.0 = Release|Any CPU
		{737815C8-637B-47C0-9AA4-3D7B0F9A7FB0}.Release|x64.Deploy.0 = Release|Any CPU
		{737815C8-637B-47C0-9AA4-3D7B0F9A7FB0}.Release|x86.ActiveCfg = Release|Any CPU
		{737815C8-637B-47C0-9AA4-3D7B0F9A7FB0}.Release|x86.Build.0 = Release|Any CPU
		{737815C8-637B-47C0-9AA4-3D7B0F9A7FB0}.Release|x86.Deploy.0 = Release|Any CPU
		{F334AB5E-C640-48DD-9E99-F90DAE319A4E}.Ad-Hoc|Any CPU.ActiveCfg = Ad-Hoc|iPhoneSimulator
		{F334AB5E-C640-48DD-9E99-F90DAE319A4E}.Ad-Hoc|ARM.ActiveCfg = Ad-Hoc|iPhoneSimulator
		{F334AB5E-C640-48DD-9E99-F90DAE319A4E}.Ad-Hoc|ARM64.ActiveCfg = Ad-Hoc|iPhoneSimulator
		{F334AB5E-C640-48DD-9E99-F90DAE319A4E}.Ad-Hoc|iPhone.ActiveCfg = Ad-Hoc|iPhone
		{F334AB5E-C640-48DD-9E99-F90DAE319A4E}.Ad-Hoc|iPhone.Build.0 = Ad-Hoc|iPhone
		{F334AB5E-C640-48DD-9E99-F90DAE319A4E}.Ad-Hoc|iPhoneSimulator.ActiveCfg = Ad-Hoc|iPhoneSimulator
		{F334AB5E-C640-48DD-9E99-F90DAE319A4E}.Ad-Hoc|iPhoneSimulator.Build.0 = Ad-Hoc|iPhoneSimulator
		{F334AB5E-C640-48DD-9E99-F90DAE319A4E}.Ad-Hoc|x64.ActiveCfg = Ad-Hoc|iPhoneSimulator
		{F334AB5E-C640-48DD-9E99-F90DAE319A4E}.Ad-Hoc|x86.ActiveCfg = Ad-Hoc|iPhoneSimulator
		{F334AB5E-C640-48DD-9E99-F90DAE319A4E}.AppStore|Any CPU.ActiveCfg = AppStore|iPhoneSimulator
		{F334AB5E-C640-48DD-9E99-F90DAE319A4E}.AppStore|ARM.ActiveCfg = AppStore|iPhoneSimulator
		{F334AB5E-C640-48DD-9E99-F90DAE319A4E}.AppStore|ARM64.ActiveCfg = AppStore|iPhoneSimulator
		{F334AB5E-C640-48DD-9E99-F90DAE319A4E}.AppStore|iPhone.ActiveCfg = AppStore|iPhone
		{F334AB5E-C640-48DD-9E99-F90DAE319A4E}.AppStore|iPhone.Build.0 = AppStore|iPhone
		{F334AB5E-C640-48DD-9E99-F90DAE319A4E}.AppStore|iPhoneSimulator.ActiveCfg = AppStore|iPhoneSimulator
		{F334AB5E-C640-48DD-9E99-F90DAE319A4E}.AppStore|iPhoneSimulator.Build.0 = AppStore|iPhoneSimulator
		{F334AB5E-C640-48DD-9E99-F90DAE319A4E}.AppStore|x64.ActiveCfg = AppStore|iPhoneSimulator
		{F334AB5E-C640-48DD-9E99-F90DAE319A4E}.AppStore|x86.ActiveCfg = AppStore|iPhoneSimulator
		{F334AB5E-C640-48DD-9E99-F90DAE319A4E}.Debug|Any CPU.ActiveCfg = Debug|iPhoneSimulator
		{F334AB5E-C640-48DD-9E99-F90DAE319A4E}.Debug|ARM.ActiveCfg = Debug|iPhoneSimulator
		{F334AB5E-C640-48DD-9E99-F90DAE319A4E}.Debug|ARM64.ActiveCfg = Debug|iPhoneSimulator
		{F334AB5E-C640-48DD-9E99-F90DAE319A4E}.Debug|iPhone.ActiveCfg = Debug|iPhone
		{F334AB5E-C640-48DD-9E99-F90DAE319A4E}.Debug|iPhone.Build.0 = Debug|iPhone
		{F334AB5E-C640-48DD-9E99-F90DAE319A4E}.Debug|iPhoneSimulator.ActiveCfg = Debug|iPhoneSimulator
		{F334AB5E-C640-48DD-9E99-F90DAE319A4E}.Debug|iPhoneSimulator.Build.0 = Debug|iPhoneSimulator
		{F334AB5E-C640-48DD-9E99-F90DAE319A4E}.Debug|x64.ActiveCfg = Debug|iPhoneSimulator
		{F334AB5E-C640-48DD-9E99-F90DAE319A4E}.Debug|x86.ActiveCfg = Debug|iPhoneSimulator
		{F334AB5E-C640-48DD-9E99-F90DAE319A4E}.Release|Any CPU.ActiveCfg = Release|iPhoneSimulator
		{F334AB5E-C640-48DD-9E99-F90DAE319A4E}.Release|ARM.ActiveCfg = Release|iPhoneSimulator
		{F334AB5E-C640-48DD-9E99-F90DAE319A4E}.Release|ARM64.ActiveCfg = Release|iPhoneSimulator
		{F334AB5E-C640-48DD-9E99-F90DAE319A4E}.Release|iPhone.ActiveCfg = Release|iPhone
		{F334AB5E-C640-48DD-9E99-F90DAE319A4E}.Release|iPhone.Build.0 = Release|iPhone
		{F334AB5E-C640-48DD-9E99-F90DAE319A4E}.Release|iPhoneSimulator.ActiveCfg = Release|iPhoneSimulator
		{F334AB5E-C640-48DD-9E99-F90DAE319A4E}.Release|iPhoneSimulator.Build.0 = Release|iPhoneSimulator
		{F334AB5E-C640-48DD-9E99-F90DAE319A4E}.Release|x64.ActiveCfg = Release|iPhoneSimulator
		{F334AB5E-C640-48DD-9E99-F90DAE319A4E}.Release|x86.ActiveCfg = Release|iPhoneSimulator
		{CF8D5E42-D44E-49EE-A78F-3EE9C304C052}.Ad-Hoc|Any CPU.ActiveCfg = Debug|x86
		{CF8D5E42-D44E-49EE-A78F-3EE9C304C052}.Ad-Hoc|Any CPU.Build.0 = Debug|x86
		{CF8D5E42-D44E-49EE-A78F-3EE9C304C052}.Ad-Hoc|Any CPU.Deploy.0 = Debug|x86
		{CF8D5E42-D44E-49EE-A78F-3EE9C304C052}.Ad-Hoc|ARM.ActiveCfg = Debug|ARM
		{CF8D5E42-D44E-49EE-A78F-3EE9C304C052}.Ad-Hoc|ARM.Build.0 = Debug|ARM
		{CF8D5E42-D44E-49EE-A78F-3EE9C304C052}.Ad-Hoc|ARM.Deploy.0 = Debug|ARM
		{CF8D5E42-D44E-49EE-A78F-3EE9C304C052}.Ad-Hoc|ARM64.ActiveCfg = Debug|ARM64
		{CF8D5E42-D44E-49EE-A78F-3EE9C304C052}.Ad-Hoc|ARM64.Build.0 = Debug|ARM64
		{CF8D5E42-D44E-49EE-A78F-3EE9C304C052}.Ad-Hoc|ARM64.Deploy.0 = Debug|ARM64
		{CF8D5E42-D44E-49EE-A78F-3EE9C304C052}.Ad-Hoc|iPhone.ActiveCfg = Debug|x86
		{CF8D5E42-D44E-49EE-A78F-3EE9C304C052}.Ad-Hoc|iPhone.Build.0 = Debug|x86
		{CF8D5E42-D44E-49EE-A78F-3EE9C304C052}.Ad-Hoc|iPhone.Deploy.0 = Debug|x86
		{CF8D5E42-D44E-49EE-A78F-3EE9C304C052}.Ad-Hoc|iPhoneSimulator.ActiveCfg = Debug|x86
		{CF8D5E42-D44E-49EE-A78F-3EE9C304C052}.Ad-Hoc|iPhoneSimulator.Build.0 = Debug|x86
		{CF8D5E42-D44E-49EE-A78F-3EE9C304C052}.Ad-Hoc|iPhoneSimulator.Deploy.0 = Debug|x86
		{CF8D5E42-D44E-49EE-A78F-3EE9C304C052}.Ad-Hoc|x64.ActiveCfg = Debug|x64
		{CF8D5E42-D44E-49EE-A78F-3EE9C304C052}.Ad-Hoc|x64.Build.0 = Debug|x64
		{CF8D5E42-D44E-49EE-A78F-3EE9C304C052}.Ad-Hoc|x64.Deploy.0 = Debug|x64
		{CF8D5E42-D44E-49EE-A78F-3EE9C304C052}.Ad-Hoc|x86.ActiveCfg = Debug|x86
		{CF8D5E42-D44E-49EE-A78F-3EE9C304C052}.Ad-Hoc|x86.Build.0 = Debug|x86
		{CF8D5E42-D44E-49EE-A78F-3EE9C304C052}.Ad-Hoc|x86.Deploy.0 = Debug|x86
		{CF8D5E42-D44E-49EE-A78F-3EE9C304C052}.AppStore|Any CPU.ActiveCfg = Debug|x86
		{CF8D5E42-D44E-49EE-A78F-3EE9C304C052}.AppStore|Any CPU.Build.0 = Debug|x86
		{CF8D5E42-D44E-49EE-A78F-3EE9C304C052}.AppStore|Any CPU.Deploy.0 = Debug|x86
		{CF8D5E42-D44E-49EE-A78F-3EE9C304C052}.AppStore|ARM.ActiveCfg = Debug|ARM
		{CF8D5E42-D44E-49EE-A78F-3EE9C304C052}.AppStore|ARM.Build.0 = Debug|ARM
		{CF8D5E42-D44E-49EE-A78F-3EE9C304C052}.AppStore|ARM.Deploy.0 = Debug|ARM
		{CF8D5E42-D44E-49EE-A78F-3EE9C304C052}.AppStore|ARM64.ActiveCfg = Debug|ARM64
		{CF8D5E42-D44E-49EE-A78F-3EE9C304C052}.AppStore|ARM64.Build.0 = Debug|ARM64
		{CF8D5E42-D44E-49EE-A78F-3EE9C304C052}.AppStore|ARM64.Deploy.0 = Debug|ARM64
		{CF8D5E42-D44E-49EE-A78F-3EE9C304C052}.AppStore|iPhone.ActiveCfg = Debug|x86
		{CF8D5E42-D44E-49EE-A78F-3EE9C304C052}.AppStore|iPhone.Build.0 = Debug|x86
		{CF8D5E42-D44E-49EE-A78F-3EE9C304C052}.AppStore|iPhone.Deploy.0 = Debug|x86
		{CF8D5E42-D44E-49EE-A78F-3EE9C304C052}.AppStore|iPhoneSimulator.ActiveCfg = Debug|x86
		{CF8D5E42-D44E-49EE-A78F-3EE9C304C052}.AppStore|iPhoneSimulator.Build.0 = Debug|x86
		{CF8D5E42-D44E-49EE-A78F-3EE9C304C052}.AppStore|iPhoneSimulator.Deploy.0 = Debug|x86
		{CF8D5E42-D44E-49EE-A78F-3EE9C304C052}.AppStore|x64.ActiveCfg = Debug|x64
		{CF8D5E42-D44E-49EE-A78F-3EE9C304C052}.AppStore|x64.Build.0 = Debug|x64
		{CF8D5E42-D44E-49EE-A78F-3EE9C304C052}.AppStore|x64.Deploy.0 = Debug|x64
		{CF8D5E42-D44E-49EE-A78F-3EE9C304C052}.AppStore|x86.ActiveCfg = Debug|x86
		{CF8D5E42-D44E-49EE-A78F-3EE9C304C052}.AppStore|x86.Build.0 = Debug|x86
		{CF8D5E42-D44E-49EE-A78F-3EE9C304C052}.AppStore|x86.Deploy.0 = Debug|x86
		{CF8D5E42-D44E-49EE-A78F-3EE9C304C052}.Debug|Any CPU.ActiveCfg = Debug|x86
		{CF8D5E42-D44E-49EE-A78F-3EE9C304C052}.Debug|Any CPU.Build.0 = Debug|x86
		{CF8D5E42-D44E-49EE-A78F-3EE9C304C052}.Debug|Any CPU.Deploy.0 = Debug|x86
		{CF8D5E42-D44E-49EE-A78F-3EE9C304C052}.Debug|ARM.ActiveCfg = Debug|ARM
		{CF8D5E42-D44E-49EE-A78F-3EE9C304C052}.Debug|ARM.Build.0 = Debug|ARM
		{CF8D5E42-D44E-49EE-A78F-3EE9C304C052}.Debug|ARM.Deploy.0 = Debug|ARM
		{CF8D5E42-D44E-49EE-A78F-3EE9C304C052}.Debug|ARM64.ActiveCfg = Debug|ARM64
		{CF8D5E42-D44E-49EE-A78F-3EE9C304C052}.Debug|ARM64.Build.0 = Debug|ARM64
		{CF8D5E42-D44E-49EE-A78F-3EE9C304C052}.Debug|ARM64.Deploy.0 = Debug|ARM64
		{CF8D5E42-D44E-49EE-A78F-3EE9C304C052}.Debug|iPhone.ActiveCfg = Debug|x86
		{CF8D5E42-D44E-49EE-A78F-3EE9C304C052}.Debug|iPhoneSimulator.ActiveCfg = Debug|x86
		{CF8D5E42-D44E-49EE-A78F-3EE9C304C052}.Debug|x64.ActiveCfg = Debug|x64
		{CF8D5E42-D44E-49EE-A78F-3EE9C304C052}.Debug|x64.Build.0 = Debug|x64
		{CF8D5E42-D44E-49EE-A78F-3EE9C304C052}.Debug|x64.Deploy.0 = Debug|x64
		{CF8D5E42-D44E-49EE-A78F-3EE9C304C052}.Debug|x86.ActiveCfg = Debug|x86
		{CF8D5E42-D44E-49EE-A78F-3EE9C304C052}.Debug|x86.Build.0 = Debug|x86
		{CF8D5E42-D44E-49EE-A78F-3EE9C304C052}.Debug|x86.Deploy.0 = Debug|x86
		{CF8D5E42-D44E-49EE-A78F-3EE9C304C052}.Release|Any CPU.ActiveCfg = Release|x86
		{CF8D5E42-D44E-49EE-A78F-3EE9C304C052}.Release|ARM.ActiveCfg = Release|ARM
		{CF8D5E42-D44E-49EE-A78F-3EE9C304C052}.Release|ARM.Build.0 = Release|ARM
		{CF8D5E42-D44E-49EE-A78F-3EE9C304C052}.Release|ARM.Deploy.0 = Release|ARM
		{CF8D5E42-D44E-49EE-A78F-3EE9C304C052}.Release|ARM64.ActiveCfg = Release|ARM64
		{CF8D5E42-D44E-49EE-A78F-3EE9C304C052}.Release|ARM64.Build.0 = Release|ARM64
		{CF8D5E42-D44E-49EE-A78F-3EE9C304C052}.Release|ARM64.Deploy.0 = Release|ARM64
		{CF8D5E42-D44E-49EE-A78F-3EE9C304C052}.Release|iPhone.ActiveCfg = Release|x86
		{CF8D5E42-D44E-49EE-A78F-3EE9C304C052}.Release|iPhoneSimulator.ActiveCfg = Release|x86
		{CF8D5E42-D44E-49EE-A78F-3EE9C304C052}.Release|x64.ActiveCfg = Release|x64
		{CF8D5E42-D44E-49EE-A78F-3EE9C304C052}.Release|x64.Build.0 = Release|x64
		{CF8D5E42-D44E-49EE-A78F-3EE9C304C052}.Release|x64.Deploy.0 = Release|x64
		{CF8D5E42-D44E-49EE-A78F-3EE9C304C052}.Release|x86.ActiveCfg = Release|x86
		{CF8D5E42-D44E-49EE-A78F-3EE9C304C052}.Release|x86.Build.0 = Release|x86
		{CF8D5E42-D44E-49EE-A78F-3EE9C304C052}.Release|x86.Deploy.0 = Release|x86
		{B1D315D8-01D3-4766-945A-127E3127B0B5}.Ad-Hoc|Any CPU.ActiveCfg = Debug|Any CPU
		{B1D315D8-01D3-4766-945A-127E3127B0B5}.Ad-Hoc|Any CPU.Build.0 = Debug|Any CPU
		{B1D315D8-01D3-4766-945A-127E3127B0B5}.Ad-Hoc|ARM.ActiveCfg = Debug|Any CPU
		{B1D315D8-01D3-4766-945A-127E3127B0B5}.Ad-Hoc|ARM.Build.0 = Debug|Any CPU
		{B1D315D8-01D3-4766-945A-127E3127B0B5}.Ad-Hoc|ARM64.ActiveCfg = Debug|Any CPU
		{B1D315D8-01D3-4766-945A-127E3127B0B5}.Ad-Hoc|ARM64.Build.0 = Debug|Any CPU
		{B1D315D8-01D3-4766-945A-127E3127B0B5}.Ad-Hoc|iPhone.ActiveCfg = Debug|Any CPU
		{B1D315D8-01D3-4766-945A-127E3127B0B5}.Ad-Hoc|iPhone.Build.0 = Debug|Any CPU
		{B1D315D8-01D3-4766-945A-127E3127B0B5}.Ad-Hoc|iPhoneSimulator.ActiveCfg = Debug|Any CPU
		{B1D315D8-01D3-4766-945A-127E3127B0B5}.Ad-Hoc|iPhoneSimulator.Build.0 = Debug|Any CPU
		{B1D315D8-01D3-4766-945A-127E3127B0B5}.Ad-Hoc|x64.ActiveCfg = Debug|Any CPU
		{B1D315D8-01D3-4766-945A-127E3127B0B5}.Ad-Hoc|x64.Build.0 = Debug|Any CPU
		{B1D315D8-01D3-4766-945A-127E3127B0B5}.Ad-Hoc|x86.ActiveCfg = Debug|Any CPU
		{B1D315D8-01D3-4766-945A-127E3127B0B5}.Ad-Hoc|x86.Build.0 = Debug|Any CPU
		{B1D315D8-01D3-4766-945A-127E3127B0B5}.AppStore|Any CPU.ActiveCfg = Debug|Any CPU
		{B1D315D8-01D3-4766-945A-127E3127B0B5}.AppStore|Any CPU.Build.0 = Debug|Any CPU
		{B1D315D8-01D3-4766-945A-127E3127B0B5}.AppStore|ARM.ActiveCfg = Debug|Any CPU
		{B1D315D8-01D3-4766-945A-127E3127B0B5}.AppStore|ARM.Build.0 = Debug|Any CPU
		{B1D315D8-01D3-4766-945A-127E3127B0B5}.AppStore|ARM64.ActiveCfg = Debug|Any CPU
		{B1D315D8-01D3-4766-945A-127E3127B0B5}.AppStore|ARM64.Build.0 = Debug|Any CPU
		{B1D315D8-01D3-4766-945A-127E3127B0B5}.AppStore|iPhone.ActiveCfg = Debug|Any CPU
		{B1D315D8-01D3-4766-945A-127E3127B0B5}.AppStore|iPhone.Build.0 = Debug|Any CPU
		{B1D315D8-01D3-4766-945A-127E3127B0B5}.AppStore|iPhoneSimulator.ActiveCfg = Debug|Any CPU
		{B1D315D8-01D3-4766-945A-127E3127B0B5}.AppStore|iPhoneSimulator.Build.0 = Debug|Any CPU
		{B1D315D8-01D3-4766-945A-127E3127B0B5}.AppStore|x64.ActiveCfg = Debug|Any CPU
		{B1D315D8-01D3-4766-945A-127E3127B0B5}.AppStore|x64.Build.0 = Debug|Any CPU
		{B1D315D8-01D3-4766-945A-127E3127B0B5}.AppStore|x86.ActiveCfg = Debug|Any CPU
		{B1D315D8-01D3-4766-945A-127E3127B0B5}.AppStore|x86.Build.0 = Debug|Any CPU
		{B1D315D8-01D3-4766-945A-127E3127B0B5}.Debug|Any CPU.ActiveCfg = Debug|Any CPU
		{B1D315D8-01D3-4766-945A-127E3127B0B5}.Debug|Any CPU.Build.0 = Debug|Any CPU
		{B1D315D8-01D3-4766-945A-127E3127B0B5}.Debug|ARM.ActiveCfg = Debug|Any CPU
		{B1D315D8-01D3-4766-945A-127E3127B0B5}.Debug|ARM.Build.0 = Debug|Any CPU
		{B1D315D8-01D3-4766-945A-127E3127B0B5}.Debug|ARM64.ActiveCfg = Debug|Any CPU
		{B1D315D8-01D3-4766-945A-127E3127B0B5}.Debug|ARM64.Build.0 = Debug|Any CPU
		{B1D315D8-01D3-4766-945A-127E3127B0B5}.Debug|iPhone.ActiveCfg = Debug|Any CPU
		{B1D315D8-01D3-4766-945A-127E3127B0B5}.Debug|iPhone.Build.0 = Debug|Any CPU
		{B1D315D8-01D3-4766-945A-127E3127B0B5}.Debug|iPhoneSimulator.ActiveCfg = Debug|Any CPU
		{B1D315D8-01D3-4766-945A-127E3127B0B5}.Debug|iPhoneSimulator.Build.0 = Debug|Any CPU
		{B1D315D8-01D3-4766-945A-127E3127B0B5}.Debug|x64.ActiveCfg = Debug|Any CPU
		{B1D315D8-01D3-4766-945A-127E3127B0B5}.Debug|x64.Build.0 = Debug|Any CPU
		{B1D315D8-01D3-4766-945A-127E3127B0B5}.Debug|x86.ActiveCfg = Debug|Any CPU
		{B1D315D8-01D3-4766-945A-127E3127B0B5}.Debug|x86.Build.0 = Debug|Any CPU
		{B1D315D8-01D3-4766-945A-127E3127B0B5}.Release|Any CPU.ActiveCfg = Release|Any CPU
		{B1D315D8-01D3-4766-945A-127E3127B0B5}.Release|Any CPU.Build.0 = Release|Any CPU
		{B1D315D8-01D3-4766-945A-127E3127B0B5}.Release|ARM.ActiveCfg = Release|Any CPU
		{B1D315D8-01D3-4766-945A-127E3127B0B5}.Release|ARM.Build.0 = Release|Any CPU
		{B1D315D8-01D3-4766-945A-127E3127B0B5}.Release|ARM64.ActiveCfg = Release|Any CPU
		{B1D315D8-01D3-4766-945A-127E3127B0B5}.Release|ARM64.Build.0 = Release|Any CPU
		{B1D315D8-01D3-4766-945A-127E3127B0B5}.Release|iPhone.ActiveCfg = Release|Any CPU
		{B1D315D8-01D3-4766-945A-127E3127B0B5}.Release|iPhone.Build.0 = Release|Any CPU
		{B1D315D8-01D3-4766-945A-127E3127B0B5}.Release|iPhoneSimulator.ActiveCfg = Release|Any CPU
		{B1D315D8-01D3-4766-945A-127E3127B0B5}.Release|iPhoneSimulator.Build.0 = Release|Any CPU
		{B1D315D8-01D3-4766-945A-127E3127B0B5}.Release|x64.ActiveCfg = Release|Any CPU
		{B1D315D8-01D3-4766-945A-127E3127B0B5}.Release|x64.Build.0 = Release|Any CPU
		{B1D315D8-01D3-4766-945A-127E3127B0B5}.Release|x86.ActiveCfg = Release|Any CPU
		{B1D315D8-01D3-4766-945A-127E3127B0B5}.Release|x86.Build.0 = Release|Any CPU
		{F6C5560D-8F70-4A83-9E4C-D7314015AE9E}.Ad-Hoc|Any CPU.ActiveCfg = Debug|iPhoneSimulator
		{F6C5560D-8F70-4A83-9E4C-D7314015AE9E}.Ad-Hoc|Any CPU.Build.0 = Debug|iPhoneSimulator
		{F6C5560D-8F70-4A83-9E4C-D7314015AE9E}.Ad-Hoc|ARM.ActiveCfg = Debug|iPhoneSimulator
		{F6C5560D-8F70-4A83-9E4C-D7314015AE9E}.Ad-Hoc|ARM.Build.0 = Debug|iPhoneSimulator
		{F6C5560D-8F70-4A83-9E4C-D7314015AE9E}.Ad-Hoc|ARM64.ActiveCfg = Debug|iPhoneSimulator
		{F6C5560D-8F70-4A83-9E4C-D7314015AE9E}.Ad-Hoc|ARM64.Build.0 = Debug|iPhoneSimulator
		{F6C5560D-8F70-4A83-9E4C-D7314015AE9E}.Ad-Hoc|iPhone.ActiveCfg = Debug|iPhoneSimulator
		{F6C5560D-8F70-4A83-9E4C-D7314015AE9E}.Ad-Hoc|iPhone.Build.0 = Debug|iPhoneSimulator
		{F6C5560D-8F70-4A83-9E4C-D7314015AE9E}.Ad-Hoc|iPhoneSimulator.ActiveCfg = Debug|iPhoneSimulator
		{F6C5560D-8F70-4A83-9E4C-D7314015AE9E}.Ad-Hoc|iPhoneSimulator.Build.0 = Debug|iPhoneSimulator
		{F6C5560D-8F70-4A83-9E4C-D7314015AE9E}.Ad-Hoc|x64.ActiveCfg = Debug|iPhoneSimulator
		{F6C5560D-8F70-4A83-9E4C-D7314015AE9E}.Ad-Hoc|x64.Build.0 = Debug|iPhoneSimulator
		{F6C5560D-8F70-4A83-9E4C-D7314015AE9E}.Ad-Hoc|x86.ActiveCfg = Debug|iPhoneSimulator
		{F6C5560D-8F70-4A83-9E4C-D7314015AE9E}.Ad-Hoc|x86.Build.0 = Debug|iPhoneSimulator
		{F6C5560D-8F70-4A83-9E4C-D7314015AE9E}.AppStore|Any CPU.ActiveCfg = Debug|iPhoneSimulator
		{F6C5560D-8F70-4A83-9E4C-D7314015AE9E}.AppStore|Any CPU.Build.0 = Debug|iPhoneSimulator
		{F6C5560D-8F70-4A83-9E4C-D7314015AE9E}.AppStore|ARM.ActiveCfg = Debug|iPhoneSimulator
		{F6C5560D-8F70-4A83-9E4C-D7314015AE9E}.AppStore|ARM.Build.0 = Debug|iPhoneSimulator
		{F6C5560D-8F70-4A83-9E4C-D7314015AE9E}.AppStore|ARM64.ActiveCfg = Debug|iPhoneSimulator
		{F6C5560D-8F70-4A83-9E4C-D7314015AE9E}.AppStore|ARM64.Build.0 = Debug|iPhoneSimulator
		{F6C5560D-8F70-4A83-9E4C-D7314015AE9E}.AppStore|iPhone.ActiveCfg = Debug|iPhoneSimulator
		{F6C5560D-8F70-4A83-9E4C-D7314015AE9E}.AppStore|iPhone.Build.0 = Debug|iPhoneSimulator
		{F6C5560D-8F70-4A83-9E4C-D7314015AE9E}.AppStore|iPhoneSimulator.ActiveCfg = Debug|iPhoneSimulator
		{F6C5560D-8F70-4A83-9E4C-D7314015AE9E}.AppStore|iPhoneSimulator.Build.0 = Debug|iPhoneSimulator
		{F6C5560D-8F70-4A83-9E4C-D7314015AE9E}.AppStore|x64.ActiveCfg = Debug|iPhoneSimulator
		{F6C5560D-8F70-4A83-9E4C-D7314015AE9E}.AppStore|x64.Build.0 = Debug|iPhoneSimulator
		{F6C5560D-8F70-4A83-9E4C-D7314015AE9E}.AppStore|x86.ActiveCfg = Debug|iPhoneSimulator
		{F6C5560D-8F70-4A83-9E4C-D7314015AE9E}.AppStore|x86.Build.0 = Debug|iPhoneSimulator
		{F6C5560D-8F70-4A83-9E4C-D7314015AE9E}.Debug|Any CPU.ActiveCfg = Debug|iPhoneSimulator
		{F6C5560D-8F70-4A83-9E4C-D7314015AE9E}.Debug|ARM.ActiveCfg = Debug|iPhoneSimulator
		{F6C5560D-8F70-4A83-9E4C-D7314015AE9E}.Debug|ARM64.ActiveCfg = Debug|iPhoneSimulator
		{F6C5560D-8F70-4A83-9E4C-D7314015AE9E}.Debug|iPhone.ActiveCfg = Debug|iPhoneSimulator
		{F6C5560D-8F70-4A83-9E4C-D7314015AE9E}.Debug|iPhoneSimulator.ActiveCfg = Debug|iPhoneSimulator
		{F6C5560D-8F70-4A83-9E4C-D7314015AE9E}.Debug|iPhoneSimulator.Build.0 = Debug|iPhoneSimulator
		{F6C5560D-8F70-4A83-9E4C-D7314015AE9E}.Debug|x64.ActiveCfg = Debug|iPhoneSimulator
		{F6C5560D-8F70-4A83-9E4C-D7314015AE9E}.Debug|x86.ActiveCfg = Debug|iPhoneSimulator
		{F6C5560D-8F70-4A83-9E4C-D7314015AE9E}.Release|Any CPU.ActiveCfg = Release|iPhoneSimulator
		{F6C5560D-8F70-4A83-9E4C-D7314015AE9E}.Release|ARM.ActiveCfg = Release|iPhoneSimulator
		{F6C5560D-8F70-4A83-9E4C-D7314015AE9E}.Release|ARM64.ActiveCfg = Release|iPhoneSimulator
		{F6C5560D-8F70-4A83-9E4C-D7314015AE9E}.Release|iPhone.ActiveCfg = Release|iPhoneSimulator
		{F6C5560D-8F70-4A83-9E4C-D7314015AE9E}.Release|iPhoneSimulator.ActiveCfg = Release|iPhoneSimulator
		{F6C5560D-8F70-4A83-9E4C-D7314015AE9E}.Release|iPhoneSimulator.Build.0 = Release|iPhoneSimulator
		{F6C5560D-8F70-4A83-9E4C-D7314015AE9E}.Release|x64.ActiveCfg = Release|iPhoneSimulator
		{F6C5560D-8F70-4A83-9E4C-D7314015AE9E}.Release|x86.ActiveCfg = Release|iPhoneSimulator
		{DC517798-6633-46D3-8452-7E87DC131B24}.Ad-Hoc|Any CPU.ActiveCfg = Debug|Any CPU
		{DC517798-6633-46D3-8452-7E87DC131B24}.Ad-Hoc|Any CPU.Build.0 = Debug|Any CPU
		{DC517798-6633-46D3-8452-7E87DC131B24}.Ad-Hoc|ARM.ActiveCfg = Debug|Any CPU
		{DC517798-6633-46D3-8452-7E87DC131B24}.Ad-Hoc|ARM.Build.0 = Debug|Any CPU
		{DC517798-6633-46D3-8452-7E87DC131B24}.Ad-Hoc|ARM64.ActiveCfg = Debug|Any CPU
		{DC517798-6633-46D3-8452-7E87DC131B24}.Ad-Hoc|ARM64.Build.0 = Debug|Any CPU
		{DC517798-6633-46D3-8452-7E87DC131B24}.Ad-Hoc|iPhone.ActiveCfg = Debug|Any CPU
		{DC517798-6633-46D3-8452-7E87DC131B24}.Ad-Hoc|iPhone.Build.0 = Debug|Any CPU
		{DC517798-6633-46D3-8452-7E87DC131B24}.Ad-Hoc|iPhoneSimulator.ActiveCfg = Debug|Any CPU
		{DC517798-6633-46D3-8452-7E87DC131B24}.Ad-Hoc|iPhoneSimulator.Build.0 = Debug|Any CPU
		{DC517798-6633-46D3-8452-7E87DC131B24}.Ad-Hoc|x64.ActiveCfg = Debug|Any CPU
		{DC517798-6633-46D3-8452-7E87DC131B24}.Ad-Hoc|x64.Build.0 = Debug|Any CPU
		{DC517798-6633-46D3-8452-7E87DC131B24}.Ad-Hoc|x86.ActiveCfg = Debug|Any CPU
		{DC517798-6633-46D3-8452-7E87DC131B24}.Ad-Hoc|x86.Build.0 = Debug|Any CPU
		{DC517798-6633-46D3-8452-7E87DC131B24}.AppStore|Any CPU.ActiveCfg = Debug|Any CPU
		{DC517798-6633-46D3-8452-7E87DC131B24}.AppStore|Any CPU.Build.0 = Debug|Any CPU
		{DC517798-6633-46D3-8452-7E87DC131B24}.AppStore|ARM.ActiveCfg = Debug|Any CPU
		{DC517798-6633-46D3-8452-7E87DC131B24}.AppStore|ARM.Build.0 = Debug|Any CPU
		{DC517798-6633-46D3-8452-7E87DC131B24}.AppStore|ARM64.ActiveCfg = Debug|Any CPU
		{DC517798-6633-46D3-8452-7E87DC131B24}.AppStore|ARM64.Build.0 = Debug|Any CPU
		{DC517798-6633-46D3-8452-7E87DC131B24}.AppStore|iPhone.ActiveCfg = Debug|Any CPU
		{DC517798-6633-46D3-8452-7E87DC131B24}.AppStore|iPhone.Build.0 = Debug|Any CPU
		{DC517798-6633-46D3-8452-7E87DC131B24}.AppStore|iPhoneSimulator.ActiveCfg = Debug|Any CPU
		{DC517798-6633-46D3-8452-7E87DC131B24}.AppStore|iPhoneSimulator.Build.0 = Debug|Any CPU
		{DC517798-6633-46D3-8452-7E87DC131B24}.AppStore|x64.ActiveCfg = Debug|Any CPU
		{DC517798-6633-46D3-8452-7E87DC131B24}.AppStore|x64.Build.0 = Debug|Any CPU
		{DC517798-6633-46D3-8452-7E87DC131B24}.AppStore|x86.ActiveCfg = Debug|Any CPU
		{DC517798-6633-46D3-8452-7E87DC131B24}.AppStore|x86.Build.0 = Debug|Any CPU
		{DC517798-6633-46D3-8452-7E87DC131B24}.Debug|Any CPU.ActiveCfg = Debug|Any CPU
		{DC517798-6633-46D3-8452-7E87DC131B24}.Debug|Any CPU.Build.0 = Debug|Any CPU
		{DC517798-6633-46D3-8452-7E87DC131B24}.Debug|ARM.ActiveCfg = Debug|Any CPU
		{DC517798-6633-46D3-8452-7E87DC131B24}.Debug|ARM.Build.0 = Debug|Any CPU
		{DC517798-6633-46D3-8452-7E87DC131B24}.Debug|ARM64.ActiveCfg = Debug|Any CPU
		{DC517798-6633-46D3-8452-7E87DC131B24}.Debug|ARM64.Build.0 = Debug|Any CPU
		{DC517798-6633-46D3-8452-7E87DC131B24}.Debug|iPhone.ActiveCfg = Debug|Any CPU
		{DC517798-6633-46D3-8452-7E87DC131B24}.Debug|iPhone.Build.0 = Debug|Any CPU
		{DC517798-6633-46D3-8452-7E87DC131B24}.Debug|iPhoneSimulator.ActiveCfg = Debug|Any CPU
		{DC517798-6633-46D3-8452-7E87DC131B24}.Debug|iPhoneSimulator.Build.0 = Debug|Any CPU
		{DC517798-6633-46D3-8452-7E87DC131B24}.Debug|x64.ActiveCfg = Debug|Any CPU
		{DC517798-6633-46D3-8452-7E87DC131B24}.Debug|x64.Build.0 = Debug|Any CPU
		{DC517798-6633-46D3-8452-7E87DC131B24}.Debug|x86.ActiveCfg = Debug|Any CPU
		{DC517798-6633-46D3-8452-7E87DC131B24}.Debug|x86.Build.0 = Debug|Any CPU
		{DC517798-6633-46D3-8452-7E87DC131B24}.Release|Any CPU.ActiveCfg = Release|Any CPU
		{DC517798-6633-46D3-8452-7E87DC131B24}.Release|Any CPU.Build.0 = Release|Any CPU
		{DC517798-6633-46D3-8452-7E87DC131B24}.Release|ARM.ActiveCfg = Release|Any CPU
		{DC517798-6633-46D3-8452-7E87DC131B24}.Release|ARM.Build.0 = Release|Any CPU
		{DC517798-6633-46D3-8452-7E87DC131B24}.Release|ARM64.ActiveCfg = Release|Any CPU
		{DC517798-6633-46D3-8452-7E87DC131B24}.Release|ARM64.Build.0 = Release|Any CPU
		{DC517798-6633-46D3-8452-7E87DC131B24}.Release|iPhone.ActiveCfg = Release|Any CPU
		{DC517798-6633-46D3-8452-7E87DC131B24}.Release|iPhone.Build.0 = Release|Any CPU
		{DC517798-6633-46D3-8452-7E87DC131B24}.Release|iPhoneSimulator.ActiveCfg = Release|Any CPU
		{DC517798-6633-46D3-8452-7E87DC131B24}.Release|iPhoneSimulator.Build.0 = Release|Any CPU
		{DC517798-6633-46D3-8452-7E87DC131B24}.Release|x64.ActiveCfg = Release|Any CPU
		{DC517798-6633-46D3-8452-7E87DC131B24}.Release|x64.Build.0 = Release|Any CPU
		{DC517798-6633-46D3-8452-7E87DC131B24}.Release|x86.ActiveCfg = Release|Any CPU
		{DC517798-6633-46D3-8452-7E87DC131B24}.Release|x86.Build.0 = Release|Any CPU
		{048AA5BF-B66F-4DD9-9EFB-13F563A68B00}.Ad-Hoc|Any CPU.ActiveCfg = Debug|Any CPU
		{048AA5BF-B66F-4DD9-9EFB-13F563A68B00}.Ad-Hoc|Any CPU.Build.0 = Debug|Any CPU
		{048AA5BF-B66F-4DD9-9EFB-13F563A68B00}.Ad-Hoc|ARM.ActiveCfg = Debug|Any CPU
		{048AA5BF-B66F-4DD9-9EFB-13F563A68B00}.Ad-Hoc|ARM.Build.0 = Debug|Any CPU
		{048AA5BF-B66F-4DD9-9EFB-13F563A68B00}.Ad-Hoc|ARM64.ActiveCfg = Debug|Any CPU
		{048AA5BF-B66F-4DD9-9EFB-13F563A68B00}.Ad-Hoc|ARM64.Build.0 = Debug|Any CPU
		{048AA5BF-B66F-4DD9-9EFB-13F563A68B00}.Ad-Hoc|iPhone.ActiveCfg = Debug|Any CPU
		{048AA5BF-B66F-4DD9-9EFB-13F563A68B00}.Ad-Hoc|iPhone.Build.0 = Debug|Any CPU
		{048AA5BF-B66F-4DD9-9EFB-13F563A68B00}.Ad-Hoc|iPhoneSimulator.ActiveCfg = Debug|Any CPU
		{048AA5BF-B66F-4DD9-9EFB-13F563A68B00}.Ad-Hoc|iPhoneSimulator.Build.0 = Debug|Any CPU
		{048AA5BF-B66F-4DD9-9EFB-13F563A68B00}.Ad-Hoc|x64.ActiveCfg = Debug|Any CPU
		{048AA5BF-B66F-4DD9-9EFB-13F563A68B00}.Ad-Hoc|x64.Build.0 = Debug|Any CPU
		{048AA5BF-B66F-4DD9-9EFB-13F563A68B00}.Ad-Hoc|x86.ActiveCfg = Debug|Any CPU
		{048AA5BF-B66F-4DD9-9EFB-13F563A68B00}.Ad-Hoc|x86.Build.0 = Debug|Any CPU
		{048AA5BF-B66F-4DD9-9EFB-13F563A68B00}.AppStore|Any CPU.ActiveCfg = Debug|Any CPU
		{048AA5BF-B66F-4DD9-9EFB-13F563A68B00}.AppStore|Any CPU.Build.0 = Debug|Any CPU
		{048AA5BF-B66F-4DD9-9EFB-13F563A68B00}.AppStore|ARM.ActiveCfg = Debug|Any CPU
		{048AA5BF-B66F-4DD9-9EFB-13F563A68B00}.AppStore|ARM.Build.0 = Debug|Any CPU
		{048AA5BF-B66F-4DD9-9EFB-13F563A68B00}.AppStore|ARM64.ActiveCfg = Debug|Any CPU
		{048AA5BF-B66F-4DD9-9EFB-13F563A68B00}.AppStore|ARM64.Build.0 = Debug|Any CPU
		{048AA5BF-B66F-4DD9-9EFB-13F563A68B00}.AppStore|iPhone.ActiveCfg = Debug|Any CPU
		{048AA5BF-B66F-4DD9-9EFB-13F563A68B00}.AppStore|iPhone.Build.0 = Debug|Any CPU
		{048AA5BF-B66F-4DD9-9EFB-13F563A68B00}.AppStore|iPhoneSimulator.ActiveCfg = Debug|Any CPU
		{048AA5BF-B66F-4DD9-9EFB-13F563A68B00}.AppStore|iPhoneSimulator.Build.0 = Debug|Any CPU
		{048AA5BF-B66F-4DD9-9EFB-13F563A68B00}.AppStore|x64.ActiveCfg = Debug|Any CPU
		{048AA5BF-B66F-4DD9-9EFB-13F563A68B00}.AppStore|x64.Build.0 = Debug|Any CPU
		{048AA5BF-B66F-4DD9-9EFB-13F563A68B00}.AppStore|x86.ActiveCfg = Debug|Any CPU
		{048AA5BF-B66F-4DD9-9EFB-13F563A68B00}.AppStore|x86.Build.0 = Debug|Any CPU
		{048AA5BF-B66F-4DD9-9EFB-13F563A68B00}.Debug|Any CPU.ActiveCfg = Debug|Any CPU
		{048AA5BF-B66F-4DD9-9EFB-13F563A68B00}.Debug|Any CPU.Build.0 = Debug|Any CPU
		{048AA5BF-B66F-4DD9-9EFB-13F563A68B00}.Debug|ARM.ActiveCfg = Debug|Any CPU
		{048AA5BF-B66F-4DD9-9EFB-13F563A68B00}.Debug|ARM.Build.0 = Debug|Any CPU
		{048AA5BF-B66F-4DD9-9EFB-13F563A68B00}.Debug|ARM64.ActiveCfg = Debug|Any CPU
		{048AA5BF-B66F-4DD9-9EFB-13F563A68B00}.Debug|ARM64.Build.0 = Debug|Any CPU
		{048AA5BF-B66F-4DD9-9EFB-13F563A68B00}.Debug|iPhone.ActiveCfg = Debug|Any CPU
		{048AA5BF-B66F-4DD9-9EFB-13F563A68B00}.Debug|iPhone.Build.0 = Debug|Any CPU
		{048AA5BF-B66F-4DD9-9EFB-13F563A68B00}.Debug|iPhoneSimulator.ActiveCfg = Debug|Any CPU
		{048AA5BF-B66F-4DD9-9EFB-13F563A68B00}.Debug|iPhoneSimulator.Build.0 = Debug|Any CPU
		{048AA5BF-B66F-4DD9-9EFB-13F563A68B00}.Debug|x64.ActiveCfg = Debug|Any CPU
		{048AA5BF-B66F-4DD9-9EFB-13F563A68B00}.Debug|x64.Build.0 = Debug|Any CPU
		{048AA5BF-B66F-4DD9-9EFB-13F563A68B00}.Debug|x86.ActiveCfg = Debug|Any CPU
		{048AA5BF-B66F-4DD9-9EFB-13F563A68B00}.Debug|x86.Build.0 = Debug|Any CPU
		{048AA5BF-B66F-4DD9-9EFB-13F563A68B00}.Release|Any CPU.ActiveCfg = Release|Any CPU
		{048AA5BF-B66F-4DD9-9EFB-13F563A68B00}.Release|Any CPU.Build.0 = Release|Any CPU
		{048AA5BF-B66F-4DD9-9EFB-13F563A68B00}.Release|ARM.ActiveCfg = Release|Any CPU
		{048AA5BF-B66F-4DD9-9EFB-13F563A68B00}.Release|ARM.Build.0 = Release|Any CPU
		{048AA5BF-B66F-4DD9-9EFB-13F563A68B00}.Release|ARM64.ActiveCfg = Release|Any CPU
		{048AA5BF-B66F-4DD9-9EFB-13F563A68B00}.Release|ARM64.Build.0 = Release|Any CPU
		{048AA5BF-B66F-4DD9-9EFB-13F563A68B00}.Release|iPhone.ActiveCfg = Release|Any CPU
		{048AA5BF-B66F-4DD9-9EFB-13F563A68B00}.Release|iPhone.Build.0 = Release|Any CPU
		{048AA5BF-B66F-4DD9-9EFB-13F563A68B00}.Release|iPhoneSimulator.ActiveCfg = Release|Any CPU
		{048AA5BF-B66F-4DD9-9EFB-13F563A68B00}.Release|iPhoneSimulator.Build.0 = Release|Any CPU
		{048AA5BF-B66F-4DD9-9EFB-13F563A68B00}.Release|x64.ActiveCfg = Release|Any CPU
		{048AA5BF-B66F-4DD9-9EFB-13F563A68B00}.Release|x64.Build.0 = Release|Any CPU
		{048AA5BF-B66F-4DD9-9EFB-13F563A68B00}.Release|x86.ActiveCfg = Release|Any CPU
		{048AA5BF-B66F-4DD9-9EFB-13F563A68B00}.Release|x86.Build.0 = Release|Any CPU
		{E47D3BD2-5B09-41A6-9236-191C3410BE32}.Ad-Hoc|Any CPU.ActiveCfg = Debug|Any CPU
		{E47D3BD2-5B09-41A6-9236-191C3410BE32}.Ad-Hoc|Any CPU.Build.0 = Debug|Any CPU
		{E47D3BD2-5B09-41A6-9236-191C3410BE32}.Ad-Hoc|ARM.ActiveCfg = Debug|Any CPU
		{E47D3BD2-5B09-41A6-9236-191C3410BE32}.Ad-Hoc|ARM.Build.0 = Debug|Any CPU
		{E47D3BD2-5B09-41A6-9236-191C3410BE32}.Ad-Hoc|ARM64.ActiveCfg = Debug|Any CPU
		{E47D3BD2-5B09-41A6-9236-191C3410BE32}.Ad-Hoc|ARM64.Build.0 = Debug|Any CPU
		{E47D3BD2-5B09-41A6-9236-191C3410BE32}.Ad-Hoc|iPhone.ActiveCfg = Debug|Any CPU
		{E47D3BD2-5B09-41A6-9236-191C3410BE32}.Ad-Hoc|iPhone.Build.0 = Debug|Any CPU
		{E47D3BD2-5B09-41A6-9236-191C3410BE32}.Ad-Hoc|iPhoneSimulator.ActiveCfg = Debug|Any CPU
		{E47D3BD2-5B09-41A6-9236-191C3410BE32}.Ad-Hoc|iPhoneSimulator.Build.0 = Debug|Any CPU
		{E47D3BD2-5B09-41A6-9236-191C3410BE32}.Ad-Hoc|x64.ActiveCfg = Debug|Any CPU
		{E47D3BD2-5B09-41A6-9236-191C3410BE32}.Ad-Hoc|x64.Build.0 = Debug|Any CPU
		{E47D3BD2-5B09-41A6-9236-191C3410BE32}.Ad-Hoc|x86.ActiveCfg = Debug|Any CPU
		{E47D3BD2-5B09-41A6-9236-191C3410BE32}.Ad-Hoc|x86.Build.0 = Debug|Any CPU
		{E47D3BD2-5B09-41A6-9236-191C3410BE32}.AppStore|Any CPU.ActiveCfg = Debug|Any CPU
		{E47D3BD2-5B09-41A6-9236-191C3410BE32}.AppStore|Any CPU.Build.0 = Debug|Any CPU
		{E47D3BD2-5B09-41A6-9236-191C3410BE32}.AppStore|ARM.ActiveCfg = Debug|Any CPU
		{E47D3BD2-5B09-41A6-9236-191C3410BE32}.AppStore|ARM.Build.0 = Debug|Any CPU
		{E47D3BD2-5B09-41A6-9236-191C3410BE32}.AppStore|ARM64.ActiveCfg = Debug|Any CPU
		{E47D3BD2-5B09-41A6-9236-191C3410BE32}.AppStore|ARM64.Build.0 = Debug|Any CPU
		{E47D3BD2-5B09-41A6-9236-191C3410BE32}.AppStore|iPhone.ActiveCfg = Debug|Any CPU
		{E47D3BD2-5B09-41A6-9236-191C3410BE32}.AppStore|iPhone.Build.0 = Debug|Any CPU
		{E47D3BD2-5B09-41A6-9236-191C3410BE32}.AppStore|iPhoneSimulator.ActiveCfg = Debug|Any CPU
		{E47D3BD2-5B09-41A6-9236-191C3410BE32}.AppStore|iPhoneSimulator.Build.0 = Debug|Any CPU
		{E47D3BD2-5B09-41A6-9236-191C3410BE32}.AppStore|x64.ActiveCfg = Debug|Any CPU
		{E47D3BD2-5B09-41A6-9236-191C3410BE32}.AppStore|x64.Build.0 = Debug|Any CPU
		{E47D3BD2-5B09-41A6-9236-191C3410BE32}.AppStore|x86.ActiveCfg = Debug|Any CPU
		{E47D3BD2-5B09-41A6-9236-191C3410BE32}.AppStore|x86.Build.0 = Debug|Any CPU
		{E47D3BD2-5B09-41A6-9236-191C3410BE32}.Debug|Any CPU.ActiveCfg = Debug|Any CPU
		{E47D3BD2-5B09-41A6-9236-191C3410BE32}.Debug|Any CPU.Build.0 = Debug|Any CPU
		{E47D3BD2-5B09-41A6-9236-191C3410BE32}.Debug|ARM.ActiveCfg = Debug|Any CPU
		{E47D3BD2-5B09-41A6-9236-191C3410BE32}.Debug|ARM.Build.0 = Debug|Any CPU
		{E47D3BD2-5B09-41A6-9236-191C3410BE32}.Debug|ARM64.ActiveCfg = Debug|Any CPU
		{E47D3BD2-5B09-41A6-9236-191C3410BE32}.Debug|ARM64.Build.0 = Debug|Any CPU
		{E47D3BD2-5B09-41A6-9236-191C3410BE32}.Debug|iPhone.ActiveCfg = Debug|Any CPU
		{E47D3BD2-5B09-41A6-9236-191C3410BE32}.Debug|iPhone.Build.0 = Debug|Any CPU
		{E47D3BD2-5B09-41A6-9236-191C3410BE32}.Debug|iPhoneSimulator.ActiveCfg = Debug|Any CPU
		{E47D3BD2-5B09-41A6-9236-191C3410BE32}.Debug|iPhoneSimulator.Build.0 = Debug|Any CPU
		{E47D3BD2-5B09-41A6-9236-191C3410BE32}.Debug|x64.ActiveCfg = Debug|Any CPU
		{E47D3BD2-5B09-41A6-9236-191C3410BE32}.Debug|x64.Build.0 = Debug|Any CPU
		{E47D3BD2-5B09-41A6-9236-191C3410BE32}.Debug|x86.ActiveCfg = Debug|Any CPU
		{E47D3BD2-5B09-41A6-9236-191C3410BE32}.Debug|x86.Build.0 = Debug|Any CPU
		{E47D3BD2-5B09-41A6-9236-191C3410BE32}.Release|Any CPU.ActiveCfg = Release|Any CPU
		{E47D3BD2-5B09-41A6-9236-191C3410BE32}.Release|Any CPU.Build.0 = Release|Any CPU
		{E47D3BD2-5B09-41A6-9236-191C3410BE32}.Release|ARM.ActiveCfg = Release|Any CPU
		{E47D3BD2-5B09-41A6-9236-191C3410BE32}.Release|ARM.Build.0 = Release|Any CPU
		{E47D3BD2-5B09-41A6-9236-191C3410BE32}.Release|ARM64.ActiveCfg = Release|Any CPU
		{E47D3BD2-5B09-41A6-9236-191C3410BE32}.Release|ARM64.Build.0 = Release|Any CPU
		{E47D3BD2-5B09-41A6-9236-191C3410BE32}.Release|iPhone.ActiveCfg = Release|Any CPU
		{E47D3BD2-5B09-41A6-9236-191C3410BE32}.Release|iPhone.Build.0 = Release|Any CPU
		{E47D3BD2-5B09-41A6-9236-191C3410BE32}.Release|iPhoneSimulator.ActiveCfg = Release|Any CPU
		{E47D3BD2-5B09-41A6-9236-191C3410BE32}.Release|iPhoneSimulator.Build.0 = Release|Any CPU
		{E47D3BD2-5B09-41A6-9236-191C3410BE32}.Release|x64.ActiveCfg = Release|Any CPU
		{E47D3BD2-5B09-41A6-9236-191C3410BE32}.Release|x64.Build.0 = Release|Any CPU
		{E47D3BD2-5B09-41A6-9236-191C3410BE32}.Release|x86.ActiveCfg = Release|Any CPU
		{E47D3BD2-5B09-41A6-9236-191C3410BE32}.Release|x86.Build.0 = Release|Any CPU
		{B4B75421-D28E-4684-A98C-55EA02A05F79}.Ad-Hoc|Any CPU.ActiveCfg = Debug|Any CPU
		{B4B75421-D28E-4684-A98C-55EA02A05F79}.Ad-Hoc|Any CPU.Build.0 = Debug|Any CPU
		{B4B75421-D28E-4684-A98C-55EA02A05F79}.Ad-Hoc|ARM.ActiveCfg = Debug|Any CPU
		{B4B75421-D28E-4684-A98C-55EA02A05F79}.Ad-Hoc|ARM.Build.0 = Debug|Any CPU
		{B4B75421-D28E-4684-A98C-55EA02A05F79}.Ad-Hoc|ARM64.ActiveCfg = Debug|Any CPU
		{B4B75421-D28E-4684-A98C-55EA02A05F79}.Ad-Hoc|ARM64.Build.0 = Debug|Any CPU
		{B4B75421-D28E-4684-A98C-55EA02A05F79}.Ad-Hoc|iPhone.ActiveCfg = Debug|Any CPU
		{B4B75421-D28E-4684-A98C-55EA02A05F79}.Ad-Hoc|iPhone.Build.0 = Debug|Any CPU
		{B4B75421-D28E-4684-A98C-55EA02A05F79}.Ad-Hoc|iPhoneSimulator.ActiveCfg = Debug|Any CPU
		{B4B75421-D28E-4684-A98C-55EA02A05F79}.Ad-Hoc|iPhoneSimulator.Build.0 = Debug|Any CPU
		{B4B75421-D28E-4684-A98C-55EA02A05F79}.Ad-Hoc|x64.ActiveCfg = Debug|Any CPU
		{B4B75421-D28E-4684-A98C-55EA02A05F79}.Ad-Hoc|x64.Build.0 = Debug|Any CPU
		{B4B75421-D28E-4684-A98C-55EA02A05F79}.Ad-Hoc|x86.ActiveCfg = Debug|Any CPU
		{B4B75421-D28E-4684-A98C-55EA02A05F79}.Ad-Hoc|x86.Build.0 = Debug|Any CPU
		{B4B75421-D28E-4684-A98C-55EA02A05F79}.AppStore|Any CPU.ActiveCfg = Debug|Any CPU
		{B4B75421-D28E-4684-A98C-55EA02A05F79}.AppStore|Any CPU.Build.0 = Debug|Any CPU
		{B4B75421-D28E-4684-A98C-55EA02A05F79}.AppStore|ARM.ActiveCfg = Debug|Any CPU
		{B4B75421-D28E-4684-A98C-55EA02A05F79}.AppStore|ARM.Build.0 = Debug|Any CPU
		{B4B75421-D28E-4684-A98C-55EA02A05F79}.AppStore|ARM64.ActiveCfg = Debug|Any CPU
		{B4B75421-D28E-4684-A98C-55EA02A05F79}.AppStore|ARM64.Build.0 = Debug|Any CPU
		{B4B75421-D28E-4684-A98C-55EA02A05F79}.AppStore|iPhone.ActiveCfg = Debug|Any CPU
		{B4B75421-D28E-4684-A98C-55EA02A05F79}.AppStore|iPhone.Build.0 = Debug|Any CPU
		{B4B75421-D28E-4684-A98C-55EA02A05F79}.AppStore|iPhoneSimulator.ActiveCfg = Debug|Any CPU
		{B4B75421-D28E-4684-A98C-55EA02A05F79}.AppStore|iPhoneSimulator.Build.0 = Debug|Any CPU
		{B4B75421-D28E-4684-A98C-55EA02A05F79}.AppStore|x64.ActiveCfg = Debug|Any CPU
		{B4B75421-D28E-4684-A98C-55EA02A05F79}.AppStore|x64.Build.0 = Debug|Any CPU
		{B4B75421-D28E-4684-A98C-55EA02A05F79}.AppStore|x86.ActiveCfg = Debug|Any CPU
		{B4B75421-D28E-4684-A98C-55EA02A05F79}.AppStore|x86.Build.0 = Debug|Any CPU
		{B4B75421-D28E-4684-A98C-55EA02A05F79}.Debug|Any CPU.ActiveCfg = Debug|Any CPU
		{B4B75421-D28E-4684-A98C-55EA02A05F79}.Debug|Any CPU.Build.0 = Debug|Any CPU
		{B4B75421-D28E-4684-A98C-55EA02A05F79}.Debug|ARM.ActiveCfg = Debug|Any CPU
		{B4B75421-D28E-4684-A98C-55EA02A05F79}.Debug|ARM.Build.0 = Debug|Any CPU
		{B4B75421-D28E-4684-A98C-55EA02A05F79}.Debug|ARM64.ActiveCfg = Debug|Any CPU
		{B4B75421-D28E-4684-A98C-55EA02A05F79}.Debug|ARM64.Build.0 = Debug|Any CPU
		{B4B75421-D28E-4684-A98C-55EA02A05F79}.Debug|iPhone.ActiveCfg = Debug|Any CPU
		{B4B75421-D28E-4684-A98C-55EA02A05F79}.Debug|iPhone.Build.0 = Debug|Any CPU
		{B4B75421-D28E-4684-A98C-55EA02A05F79}.Debug|iPhoneSimulator.ActiveCfg = Debug|Any CPU
		{B4B75421-D28E-4684-A98C-55EA02A05F79}.Debug|iPhoneSimulator.Build.0 = Debug|Any CPU
		{B4B75421-D28E-4684-A98C-55EA02A05F79}.Debug|x64.ActiveCfg = Debug|Any CPU
		{B4B75421-D28E-4684-A98C-55EA02A05F79}.Debug|x64.Build.0 = Debug|Any CPU
		{B4B75421-D28E-4684-A98C-55EA02A05F79}.Debug|x86.ActiveCfg = Debug|Any CPU
		{B4B75421-D28E-4684-A98C-55EA02A05F79}.Debug|x86.Build.0 = Debug|Any CPU
		{B4B75421-D28E-4684-A98C-55EA02A05F79}.Release|Any CPU.ActiveCfg = Release|Any CPU
		{B4B75421-D28E-4684-A98C-55EA02A05F79}.Release|Any CPU.Build.0 = Release|Any CPU
		{B4B75421-D28E-4684-A98C-55EA02A05F79}.Release|ARM.ActiveCfg = Release|Any CPU
		{B4B75421-D28E-4684-A98C-55EA02A05F79}.Release|ARM.Build.0 = Release|Any CPU
		{B4B75421-D28E-4684-A98C-55EA02A05F79}.Release|ARM64.ActiveCfg = Release|Any CPU
		{B4B75421-D28E-4684-A98C-55EA02A05F79}.Release|ARM64.Build.0 = Release|Any CPU
		{B4B75421-D28E-4684-A98C-55EA02A05F79}.Release|iPhone.ActiveCfg = Release|Any CPU
		{B4B75421-D28E-4684-A98C-55EA02A05F79}.Release|iPhone.Build.0 = Release|Any CPU
		{B4B75421-D28E-4684-A98C-55EA02A05F79}.Release|iPhoneSimulator.ActiveCfg = Release|Any CPU
		{B4B75421-D28E-4684-A98C-55EA02A05F79}.Release|iPhoneSimulator.Build.0 = Release|Any CPU
		{B4B75421-D28E-4684-A98C-55EA02A05F79}.Release|x64.ActiveCfg = Release|Any CPU
		{B4B75421-D28E-4684-A98C-55EA02A05F79}.Release|x64.Build.0 = Release|Any CPU
		{B4B75421-D28E-4684-A98C-55EA02A05F79}.Release|x86.ActiveCfg = Release|Any CPU
		{B4B75421-D28E-4684-A98C-55EA02A05F79}.Release|x86.Build.0 = Release|Any CPU
	EndGlobalSection
	GlobalSection(SolutionProperties) = preSolution
		HideSolutionNode = FALSE
	EndGlobalSection
	GlobalSection(NestedProjects) = preSolution
		{737815C8-637B-47C0-9AA4-3D7B0F9A7FB0} = {3B6F1634-848E-4576-BA69-4E54BA042E94}
		{F334AB5E-C640-48DD-9E99-F90DAE319A4E} = {3B6F1634-848E-4576-BA69-4E54BA042E94}
		{CF8D5E42-D44E-49EE-A78F-3EE9C304C052} = {3B6F1634-848E-4576-BA69-4E54BA042E94}
		{B1D315D8-01D3-4766-945A-127E3127B0B5} = {3B6F1634-848E-4576-BA69-4E54BA042E94}
		{F6C5560D-8F70-4A83-9E4C-D7314015AE9E} = {3B6F1634-848E-4576-BA69-4E54BA042E94}
		{DC517798-6633-46D3-8452-7E87DC131B24} = {3B6F1634-848E-4576-BA69-4E54BA042E94}
		{048AA5BF-B66F-4DD9-9EFB-13F563A68B00} = {3B6F1634-848E-4576-BA69-4E54BA042E94}
		{E47D3BD2-5B09-41A6-9236-191C3410BE32} = {3B6F1634-848E-4576-BA69-4E54BA042E94}
		{B4B75421-D28E-4684-A98C-55EA02A05F79} = {3B6F1634-848E-4576-BA69-4E54BA042E94}
	EndGlobalSection
	GlobalSection(ExtensibilityGlobals) = postSolution
		SolutionGuid = {4CB87DC2-59A3-471D-ACE9-78F7A509A13F}
	EndGlobalSection
EndGlobal
